// !$*UTF8*$!
{
	archiveVersion = 1;
	classes = {
	};
	objectVersion = 50;
	objects = {

/* Begin PBXBuildFile section */
		856E7DDE20DA41D300FE06A8 /* main.c in Sources */ = {isa = PBXBuildFile; fileRef = 856E7DDD20DA41D300FE06A8 /* main.c */; };
		856E7DE620DA420200FE06A8 /* a2.c in Sources */ = {isa = PBXBuildFile; fileRef = 856E7DE420DA420200FE06A8 /* a2.c */; };
/* End PBXBuildFile section */

/* Begin PBXCopyFilesBuildPhase section */
		856E7DD820DA41D300FE06A8 /* CopyFiles */ = {
			isa = PBXCopyFilesBuildPhase;
			buildActionMask = 2147483647;
			dstPath = /usr/share/man/man1/;
			dstSubfolderSpec = 0;
			files = (
			);
			runOnlyForDeploymentPostprocessing = 1;
		};
/* End PBXCopyFilesBuildPhase section */

/* Begin PBXFileReference section */
		856E7DDA20DA41D300FE06A8 /* cs570_a2 */ = {isa = PBXFileReference; explicitFileType = "compiled.mach-o.executable"; includeInIndex = 0; path = cs570_a2; sourceTree = BUILT_PRODUCTS_DIR; };
		856E7DDD20DA41D300FE06A8 /* main.c */ = {isa = PBXFileReference; lastKnownFileType = sourcecode.c.c; path = main.c; sourceTree = "<group>"; };
		856E7DE420DA420200FE06A8 /* a2.c */ = {isa = PBXFileReference; lastKnownFileType = sourcecode.c.c; path = a2.c; sourceTree = "<group>"; };
		856E7DE520DA420200FE06A8 /* a2.h */ = {isa = PBXFileReference; lastKnownFileType = sourcecode.c.h; path = a2.h; sourceTree = "<group>"; };
		856E7DE720DA48D700FE06A8 /* test.txt */ = {isa = PBXFileReference; lastKnownFileType = text; path = test.txt; sourceTree = "<group>"; };
		856E7DE920DA4D1600FE06A8 /* test2.txt */ = {isa = PBXFileReference; lastKnownFileType = text; path = test2.txt; sourceTree = "<group>"; };
/* End PBXFileReference section */

/* Begin PBXFrameworksBuildPhase section */
		856E7DD720DA41D300FE06A8 /* Frameworks */ = {
			isa = PBXFrameworksBuildPhase;
			buildActionMask = 2147483647;
			files = (
			);
			runOnlyForDeploymentPostprocessing = 0;
		};
/* End PBXFrameworksBuildPhase section */

/* Begin PBXGroup section */
		856E7DD120DA41D300FE06A8 = {
			isa = PBXGroup;
			children = (
				856E7DDC20DA41D300FE06A8 /* cs570_a2 */,
				856E7DDB20DA41D300FE06A8 /* Products */,
			);
			sourceTree = "<group>";
		};
		856E7DDB20DA41D300FE06A8 /* Products */ = {
			isa = PBXGroup;
			children = (
				856E7DDA20DA41D300FE06A8 /* cs570_a2 */,
			);
			name = Products;
			sourceTree = "<group>";
		};
		856E7DDC20DA41D300FE06A8 /* cs570_a2 */ = {
			isa = PBXGroup;
			children = (
				856E7DE820DA4CA300FE06A8 /* dir */,
				856E7DDD20DA41D300FE06A8 /* main.c */,
				856E7DE420DA420200FE06A8 /* a2.c */,
				856E7DE520DA420200FE06A8 /* a2.h */,
				856E7DE720DA48D700FE06A8 /* test.txt */,
			);
			path = cs570_a2;
			sourceTree = "<group>";
		};
		856E7DE820DA4CA300FE06A8 /* dir */ = {
			isa = PBXGroup;
			children = (
				856E7DE920DA4D1600FE06A8 /* test2.txt */,
			);
			path = dir;
			sourceTree = "<group>";
		};
/* End PBXGroup section */

/* Begin PBXNativeTarget section */
		856E7DD920DA41D300FE06A8 /* cs570_a2 */ = {
			isa = PBXNativeTarget;
			buildConfigurationList = 856E7DE120DA41D300FE06A8 /* Build configuration list for PBXNativeTarget "cs570_a2" */;
			buildPhases = (
				856E7DD620DA41D300FE06A8 /* Sources */,
				856E7DD720DA41D300FE06A8 /* Frameworks */,
				856E7DD820DA41D300FE06A8 /* CopyFiles */,
			);
			buildRules = (
			);
			dependencies = (
			);
			name = cs570_a2;
			productName = cs570_a2;
			productReference = 856E7DDA20DA41D300FE06A8 /* cs570_a2 */;
			productType = "com.apple.product-type.tool";
		};
/* End PBXNativeTarget section */

/* Begin PBXProject section */
		856E7DD220DA41D300FE06A8 /* Project object */ = {
			isa = PBXProject;
			attributes = {
				LastUpgradeCheck = 0940;
				ORGANIZATIONNAME = LeoTheNeo;
				TargetAttributes = {
					856E7DD920DA41D300FE06A8 = {
						CreatedOnToolsVersion = 9.4;
					};
				};
			};
			buildConfigurationList = 856E7DD520DA41D300FE06A8 /* Build configuration list for PBXProject "cs570_a2" */;
			compatibilityVersion = "Xcode 9.3";
			developmentRegion = en;
			hasScannedForEncodings = 0;
			knownRegions = (
				en,
			);
			mainGroup = 856E7DD120DA41D300FE06A8;
			productRefGroup = 856E7DDB20DA41D300FE06A8 /* Products */;
			projectDirPath = "";
			projectRoot = "";
			targets = (
				856E7DD920DA41D300FE06A8 /* cs570_a2 */,
			);
		};
/* End PBXProject section */

/* Begin PBXSourcesBuildPhase section */
		856E7DD620DA41D300FE06A8 /* Sources */ = {
			isa = PBXSourcesBuildPhase;
			buildActionMask = 2147483647;
			files = (
				856E7DE620DA420200FE06A8 /* a2.c in Sources */,
				856E7DDE20DA41D300FE06A8 /* main.c in Sources */,
			);
			runOnlyForDeploymentPostprocessing = 0;
		};
/* End PBXSourcesBuildPhase section */

/* Begin XCBuildConfiguration section */
		856E7DDF20DA41D300FE06A8 /* Debug */ = {
			isa = XCBuildConfiguration;
			buildSettings = {
				ALWAYS_SEARCH_USER_PATHS = NO;
				CLANG_ANALYZER_NONNULL = YES;
				CLANG_ANALYZER_NUMBER_OBJECT_CONVERSION = YES_AGGRESSIVE;
				CLANG_CXX_LANGUAGE_STANDARD = "gnu++14";
				CLANG_CXX_LIBRARY = "libc++";
				CLANG_ENABLE_MODULES = YES;
				CLANG_ENABLE_OBJC_ARC = YES;
				CLANG_ENABLE_OBJC_WEAK = YES;
				CLANG_WARN_BLOCK_CAPTURE_AUTORELEASING = YES;
				CLANG_WARN_BOOL_CONVERSION = YES;
				CLANG_WARN_COMMA = YES;
				CLANG_WARN_CONSTANT_CONVERSION = YES;
				CLANG_WARN_DEPRECATED_OBJC_IMPLEMENTATIONS = YES;
				CLANG_WARN_DIRECT_OBJC_ISA_USAGE = YES_ERROR;
				CLANG_WARN_DOCUMENTATION_COMMENTS = YES;
				CLANG_WARN_EMPTY_BODY = YES;
				CLANG_WARN_ENUM_CONVERSION = YES;
				CLANG_WARN_INFINITE_RECURSION = YES;
				CLANG_WARN_INT_CONVERSION = YES;
				CLANG_WARN_NON_LITERAL_NULL_CONVERSION = YES;
				CLANG_WARN_OBJC_IMPLICIT_RETAIN_SELF = YES;
				CLANG_WARN_OBJC_LITERAL_CONVERSION = YES;
				CLANG_WARN_OBJC_ROOT_CLASS = YES_ERROR;
				CLANG_WARN_RANGE_LOOP_ANALYSIS = YES;
				CLANG_WARN_STRICT_PROTOTYPES = YES;
				CLANG_WARN_SUSPICIOUS_MOVE = YES;
				CLANG_WARN_UNGUARDED_AVAILABILITY = YES_AGGRESSIVE;
				CLANG_WARN_UNREACHABLE_CODE = YES;
				CLANG_WARN__DUPLICATE_METHOD_MATCH = YES;
				CODE_SIGN_IDENTITY = "-";
				COPY_PHASE_STRIP = NO;
				DEBUG_INFORMATION_FORMAT = dwarf;
				ENABLE_STRICT_OBJC_MSGSEND = YES;
				ENABLE_TESTABILITY = YES;
				GCC_C_LANGUAGE_STANDARD = gnu11;
				GCC_DYNAMIC_NO_PIC = NO;
				GCC_NO_COMMON_BLOCKS = YES;
				GCC_OPTIMIZATION_LEVEL = 0;
				GCC_PREPROCESSOR_DEFINITIONS = (
					"DEBUG=1",
					"$(inherited)",
				);
				GCC_WARN_64_TO_32_BIT_CONVERSION = YES;
				GCC_WARN_ABOUT_RETURN_TYPE = YES_ERROR;
				GCC_WARN_UNDECLARED_SELECTOR = YES;
				GCC_WARN_UNINITIALIZED_AUTOS = YES_AGGRESSIVE;
				GCC_WARN_UNUSED_FUNCTION = YES;
				GCC_WARN_UNUSED_VARIABLE = YES;
				MACOSX_DEPLOYMENT_TARGET = 10.13;
				MTL_ENABLE_DEBUG_INFO = YES;
				ONLY_ACTIVE_ARCH = YES;
				SDKROOT = macosx;
			};
			name = Debug;
		};
		856E7DE020DA41D300FE06A8 /* Release */ = {
			isa = XCBuildConfiguration;
			buildSettings = {
				ALWAYS_SEARCH_USER_PATHS = NO;
				CLANG_ANALYZER_NONNULL = YES;
				CLANG_ANALYZER_NUMBER_OBJECT_CONVERSION = YES_AGGRESSIVE;
				CLANG_CXX_LANGUAGE_STANDARD = "gnu++14";
				CLANG_CXX_LIBRARY = "libc++";
				CLANG_ENABLE_MODULES = YES;
				CLANG_ENABLE_OBJC_ARC = YES;
				CLANG_ENABLE_OBJC_WEAK = YES;
				CLANG_WARN_BLOCK_CAPTURE_AUTORELEASING = YES;
				CLANG_WARN_BOOL_CONVERSION = YES;
				CLANG_WARN_COMMA = YES;
				CLANG_WARN_CONSTANT_CONVERSION = YES;
				CLANG_WARN_DEPRECATED_OBJC_IMPLEMENTATIONS = YES;
				CLANG_WARN_DIRECT_OBJC_ISA_USAGE = YES_ERROR;
				CLANG_WARN_DOCUMENTATION_COMMENTS = YES;
				CLANG_WARN_EMPTY_BODY = YES;
				CLANG_WARN_ENUM_CONVERSION = YES;
				CLANG_WARN_INFINITE_RECURSION = YES;
				CLANG_WARN_INT_CONVERSION = YES;
				CLANG_WARN_NON_LITERAL_NULL_CONVERSION = YES;
				CLANG_WARN_OBJC_IMPLICIT_RETAIN_SELF = YES;
				CLANG_WARN_OBJC_LITERAL_CONVERSION = YES;
				CLANG_WARN_OBJC_ROOT_CLASS = YES_ERROR;
				CLANG_WARN_RANGE_LOOP_ANALYSIS = YES;
				CLANG_WARN_STRICT_PROTOTYPES = YES;
				CLANG_WARN_SUSPICIOUS_MOVE = YES;
				CLANG_WARN_UNGUARDED_AVAILABILITY = YES_AGGRESSIVE;
				CLANG_WARN_UNREACHABLE_CODE = YES;
				CLANG_WARN__DUPLICATE_METHOD_MATCH = YES;
				CODE_SIGN_IDENTITY = "-";
				COPY_PHASE_STRIP = NO;
				DEBUG_INFORMATION_FORMAT = "dwarf-with-dsym";
				ENABLE_NS_ASSERTIONS = NO;
				ENABLE_STRICT_OBJC_MSGSEND = YES;
				GCC_C_LANGUAGE_STANDARD = gnu11;
				GCC_NO_COMMON_BLOCKS = YES;
				GCC_WARN_64_TO_32_BIT_CONVERSION = YES;
				GCC_WARN_ABOUT_RETURN_TYPE = YES_ERROR;
				GCC_WARN_UNDECLARED_SELECTOR = YES;
				GCC_WARN_UNINITIALIZED_AUTOS = YES_AGGRESSIVE;
				GCC_WARN_UNUSED_FUNCTION = YES;
				GCC_WARN_UNUSED_VARIABLE = YES;
				MACOSX_DEPLOYMENT_TARGET = 10.13;
				MTL_ENABLE_DEBUG_INFO = NO;
				SDKROOT = macosx;
			};
			name = Release;
		};
		856E7DE220DA41D300FE06A8 /* Debug */ = {
			isa = XCBuildConfiguration;
			buildSettings = {
				CODE_SIGN_STYLE = Automatic;
				PRODUCT_NAME = "$(TARGET_NAME)";
			};
			name = Debug;
		};
		856E7DE320DA41D300FE06A8 /* Release */ = {
			isa = XCBuildConfiguration;
			buildSettings = {
				CODE_SIGN_STYLE = Automatic;
				PRODUCT_NAME = "$(TARGET_NAME)";
			};
			name = Release;
		};
/* End XCBuildConfiguration section */

/* Begin XCConfigurationList section */
		856E7DD520DA41D300FE06A8 /* Build configuration list for PBXProject "cs570_a2" */ = {
			isa = XCConfigurationList;
			buildConfigurations = (
				856E7DDF20DA41D300FE06A8 /* Debug */,
				856E7DE020DA41D300FE06A8 /* Release */,
			);
			defaultConfigurationIsVisible = 0;
			defaultConfigurationName = Release;
		};
		856E7DE120DA41D300FE06A8 /* Build configuration list for PBXNativeTarget "cs570_a2" */ = {
			isa = XCConfigurationList;
			buildConfigurations = (
				856E7DE220DA41D300FE06A8 /* Debug */,
				856E7DE320DA41D300FE06A8 /* Release */,
			);
			defaultConfigurationIsVisible = 0;
			defaultConfigurationName = Release;
		};
/* End XCConfigurationList section */
	};
	rootObject = 856E7DD220DA41D300FE06A8 /* Project object */;
}
